Microsoft Visual Studio Solution File, Format Version 11.00
# Visual Studio 2008

Project("{2C6EA627-483D-252F-7399-3750CABC76B0}") = "MagnetBots_unity", "Assembly-CSharp-firstpass-vs.csproj", "{808A5F33-CFF1-4E19-FE26-74000AD54513}"
EndProject
Project("{2C6EA627-483D-252F-7399-3750CABC76B0}") = "MagnetBots_unity", "Assembly-CSharp-vs.csproj", "{069BC169-F5CB-8D98-450E-FC28C89E7512}"
EndProject
Project("{2C6EA627-483D-252F-7399-3750CABC76B0}") = "MagnetBots_unity", "Assembly-CSharp-Editor-firstpass-vs.csproj", "{699C3200-F9CF-5986-22E9-5BFBDB278BD6}"
EndProject
Project("{2C6EA627-483D-252F-7399-3750CABC76B0}") = "MagnetBots_unity", "Assembly-CSharp-Editor-vs.csproj", "{B0BFB171-4825-BC16-5727-AFF089CD5251}"
EndProject
Global
	GlobalSection(SolutionConfigurationPlatforms) = preSolution
		Debug|Any CPU = Debug|Any CPU
		Release|Any CPU = Release|Any CPU
	EndGlobalSection
	GlobalSection(ProjectConfigurationPlatforms) = postSolution
		{808A5F33-CFF1-4E19-FE26-74000AD54513}.Debug|Any CPU.ActiveCfg = Debug|Any CPU
		{808A5F33-CFF1-4E19-FE26-74000AD54513}.Debug|Any CPU.Build.0 = Debug|Any CPU
		{808A5F33-CFF1-4E19-FE26-74000AD54513}.Release|Any CPU.ActiveCfg = Release|Any CPU
		{808A5F33-CFF1-4E19-FE26-74000AD54513}.Release|Any CPU.Build.0 = Release|Any CPU
		{069BC169-F5CB-8D98-450E-FC28C89E7512}.Debug|Any CPU.ActiveCfg = Debug|Any CPU
		{069BC169-F5CB-8D98-450E-FC28C89E7512}.Debug|Any CPU.Build.0 = Debug|Any CPU
		{069BC169-F5CB-8D98-450E-FC28C89E7512}.Release|Any CPU.ActiveCfg = Release|Any CPU
		{069BC169-F5CB-8D98-450E-FC28C89E7512}.Release|Any CPU.Build.0 = Release|Any CPU
		{699C3200-F9CF-5986-22E9-5BFBDB278BD6}.Debug|Any CPU.ActiveCfg = Debug|Any CPU
		{699C3200-F9CF-5986-22E9-5BFBDB278BD6}.Debug|Any CPU.Build.0 = Debug|Any CPU
		{699C3200-F9CF-5986-22E9-5BFBDB278BD6}.Release|Any CPU.ActiveCfg = Release|Any CPU
		{699C3200-F9CF-5986-22E9-5BFBDB278BD6}.Release|Any CPU.Build.0 = Release|Any CPU
		{B0BFB171-4825-BC16-5727-AFF089CD5251}.Debug|Any CPU.ActiveCfg = Debug|Any CPU
		{B0BFB171-4825-BC16-5727-AFF089CD5251}.Debug|Any CPU.Build.0 = Debug|Any CPU
		{B0BFB171-4825-BC16-5727-AFF089CD5251}.Release|Any CPU.ActiveCfg = Release|Any CPU
		{B0BFB171-4825-BC16-5727-AFF089CD5251}.Release|Any CPU.Build.0 = Release|Any CPU
	EndGlobalSection
	GlobalSection(SolutionProperties) = preSolution
		HideSolutionNode = FALSE
	EndGlobalSection
																																																																																																																																																																																																																																																																																																																																																																																																																																																																																																																																																																																																																																																																																																																																																																																																																																																																												GlobalSection(MonoDevelopProperties) = preSolution
=======
																																																																																																																																																																																																																																																																																																																																							GlobalSection(MonoDevelopProperties) = preSolution
>>>>>>> character-controller-refactor
		StartupItem = Assembly-CSharp.csproj
		Policies = $0
		$0.TextStylePolicy = $1
		$1.inheritsSet = null
		$1.scope = text/x-csharp
		$0.CSharpFormattingPolicy = $2
		$2.inheritsSet = Mono
		$2.inheritsScope = text/x-csharp
		$2.scope = text/x-csharp
		$0.TextStylePolicy = $3
		$3.FileWidth = 120
		$3.TabWidth = 4
		$3.EolMarker = Unix
		$3.inheritsSet = Mono
		$3.inheritsScope = text/plain
		$3.scope = text/plain
	EndGlobalSection

EndGlobal
